
Microsoft Visual Studio Solution File, Format Version 12.00
# Visual Studio 2012
Project("{8BC9CEB8-8B4A-11D0-8D11-00A0C91BC942}") = "DynamicStruct_Maker", "DynamicStruct_Maker\DynamicStruct_Maker.vcxproj", "{F5FA2154-5EE0-4C4C-9CA4-5A7D16879B86}"
EndProject
Project("{8BC9CEB8-8B4A-11D0-8D11-00A0C91BC942}") = "ParseUI", "ParseUI\ParseUI.vcxproj", "{E2FA1316-046C-41B5-A59D-C704031525FC}"
EndProject
Global
	GlobalSection(SolutionConfigurationPlatforms) = preSolution
		Debug|Win32 = Debug|Win32
		Release|Win32 = Release|Win32
	EndGlobalSection
	GlobalSection(ProjectConfigurationPlatforms) = postSolution
		{F5FA2154-5EE0-4C4C-9CA4-5A7D16879B86}.Debug|Win32.ActiveCfg = Debug|Win32
		{F5FA2154-5EE0-4C4C-9CA4-5A7D16879B86}.Debug|Win32.Build.0 = Debug|Win32
		{F5FA2154-5EE0-4C4C-9CA4-5A7D16879B86}.Release|Win32.ActiveCfg = Release|Win32
		{F5FA2154-5EE0-4C4C-9CA4-5A7D16879B86}.Release|Win32.Build.0 = Release|Win32
		{E2FA1316-046C-41B5-A59D-C704031525FC}.Debug|Win32.ActiveCfg = Debug|Win32
		{E2FA1316-046C-41B5-A59D-C704031525FC}.Debug|Win32.Build.0 = Debug|Win32
		{E2FA1316-046C-41B5-A59D-C704031525FC}.Release|Win32.ActiveCfg = Release|Win32
		{E2FA1316-046C-41B5-A59D-C704031525FC}.Release|Win32.Build.0 = Release|Win32
	EndGlobalSection
	GlobalSection(SolutionProperties) = preSolution
		HideSolutionNode = FALSE
	EndGlobalSection
EndGlobal
